version: 6
environments:
  default:
    channels:
    - url: https://conda.anaconda.org/conda-forge/
    indexes:
    - https://pypi.org/simple
    packages:
      osx-arm64:
      - conda: https://conda.anaconda.org/conda-forge/osx-arm64/bzip2-1.0.8-h99b78c6_7.conda
      - conda: https://conda.anaconda.org/conda-forge/noarch/ca-certificates-2025.1.31-hbd8a1cb_1.conda
      - conda: https://conda.anaconda.org/conda-forge/osx-arm64/libexpat-2.7.0-h286801f_0.conda
      - conda: https://conda.anaconda.org/conda-forge/osx-arm64/libffi-3.4.6-h1da3d7d_1.conda
      - conda: https://conda.anaconda.org/conda-forge/osx-arm64/liblzma-5.8.1-h39f12f2_0.conda
      - conda: https://conda.anaconda.org/conda-forge/osx-arm64/libmpdec-4.0.0-h99b78c6_0.conda
      - conda: https://conda.anaconda.org/conda-forge/osx-arm64/libsqlite-3.49.1-h3f77e49_2.conda
      - conda: https://conda.anaconda.org/conda-forge/osx-arm64/libzlib-1.3.1-h8359307_2.conda
      - conda: https://conda.anaconda.org/conda-forge/osx-arm64/ncurses-6.5-h5e97a16_3.conda
      - conda: https://conda.anaconda.org/conda-forge/osx-arm64/openssl-3.5.0-h81ee809_0.conda
      - conda: https://conda.anaconda.org/conda-forge/osx-arm64/python-3.13.3-h81fe080_101_cp313.conda
      - conda: https://conda.anaconda.org/conda-forge/noarch/python_abi-3.13-7_cp313.conda
      - conda: https://conda.anaconda.org/conda-forge/osx-arm64/readline-8.2-h1d1bf99_2.conda
      - conda: https://conda.anaconda.org/conda-forge/osx-arm64/tk-8.6.13-h5083fa2_1.conda
      - conda: https://conda.anaconda.org/conda-forge/noarch/tzdata-2025b-h78e105d_0.conda
      - pypi: https://files.pythonhosted.org/packages/fb/cd/7ee00d6aa023b1d0551da0da5fee3bc23c3eeea632fbfc5126d1fec52b7e/about_time-4.2.1-py3-none-any.whl
      - pypi: https://files.pythonhosted.org/packages/a5/45/30bb92d442636f570cb5651bc661f52b610e2eec3f891a5dc3a4c3667db0/aiofiles-24.1.0-py3-none-any.whl
      - pypi: https://files.pythonhosted.org/packages/0f/15/5bf3b99495fb160b63f95972b81750f18f7f4e02ad051373b669d17d44f2/aiohappyeyeballs-2.6.1-py3-none-any.whl
      - pypi: https://files.pythonhosted.org/packages/db/61/0d71cc66d63909dabc4590f74eba71f91873a77ea52424401c2498d47536/aiohttp-3.11.11-cp313-cp313-macosx_11_0_arm64.whl
      - pypi: https://files.pythonhosted.org/packages/ec/6a/bc7e17a3e87a2985d3e8f4da4cd0f481060eb78fb08596c42be62c90a4d9/aiosignal-1.3.2-py2.py3-none-any.whl
      - pypi: https://files.pythonhosted.org/packages/57/39/cade3a5a97fffa3ae84f298208237b3a9f7112d6b0ed57e8ff4b755e44b4/alive_progress-3.2.0-py3-none-any.whl
      - pypi: https://files.pythonhosted.org/packages/fe/ba/e2081de779ca30d473f21f5b30e0e737c438205440784c7dfc81efc2b029/async_timeout-5.0.1-py3-none-any.whl
      - pypi: https://files.pythonhosted.org/packages/77/06/bb80f5f86020c4551da315d78b3ab75e8228f89f0162f2c3a819e407941a/attrs-25.3.0-py3-none-any.whl
      - pypi: https://files.pythonhosted.org/packages/de/0c/91002f0c960f1799d05a3fcbfbacb730d2e948c0f66b83562e39c114710c/bikeshed-5.1.2.tar.gz
      - pypi: https://files.pythonhosted.org/packages/38/fc/bce832fd4fd99766c04d1ee0eead6b0ec6486fb100ae5e74c1d91292b982/certifi-2025.1.31-py3-none-any.whl
      - pypi: https://files.pythonhosted.org/packages/38/94/ce8e6f63d18049672c76d07d119304e1e2d7c6098f0841b51c666e9f44a0/charset_normalizer-3.4.1-cp313-cp313-macosx_10_13_universal2.whl
      - pypi: https://files.pythonhosted.org/packages/06/a9/2da08717a6862c48f1d61ef957a7bba171e7eefa6c0aa0ceb96a140c2a6b/cssselect-1.2.0-py2.py3-none-any.whl
      - pypi: https://files.pythonhosted.org/packages/5a/a7/d0ec890e3665b4b3b7c05dc80e477ed8dc2e2e77719368e78e2cd9fec9c8/frozenlist-1.6.0-cp313-cp313-macosx_11_0_arm64.whl
      - pypi: https://files.pythonhosted.org/packages/ce/e7/bbaab0d2a33e07c8278910c1d0d8d4f3781293dfbc70b5c38197159046bf/grapheme-0.6.0.tar.gz
      - pypi: https://files.pythonhosted.org/packages/6c/dd/a834df6482147d48e225a49515aabc28974ad5a4ca3215c18a882565b028/html5lib-1.1-py2.py3-none-any.whl
      - pypi: https://files.pythonhosted.org/packages/76/c6/c88e154df9c4e1a2a66ccf0005a88dfb2650c1dffb6f5ce603dfbd452ce3/idna-3.10-py3-none-any.whl
      - pypi: https://files.pythonhosted.org/packages/15/aa/0aca39a37d3c7eb941ba736ede56d689e7be91cab5d9ca846bde3999eba6/isodate-0.7.2-py3-none-any.whl
      - pypi: https://files.pythonhosted.org/packages/b7/04/766286ba77621edf37225c66ce0ef2bceead987c69439b572e85ad27980c/kdl_py-1.2.0-py3-none-any.whl
      - pypi: https://files.pythonhosted.org/packages/94/6a/42141e4d373903bfea6f8e94b2f554d05506dfda522ada5343c651410dc8/lxml-5.3.0-cp313-cp313-macosx_10_13_universal2.whl
      - pypi: https://files.pythonhosted.org/packages/0b/43/53fc25394386c911822419b522181227ca450cf57fea76e6188772a1bd91/multidict-6.4.3-cp313-cp313-macosx_11_0_arm64.whl
      - pypi: https://files.pythonhosted.org/packages/ac/0f/ff07ad45a1f172a497aa393b13a9d81a32e1477ef0e869d030e3c1532521/pillow-11.1.0-cp313-cp313-macosx_11_0_arm64.whl
      - pypi: https://files.pythonhosted.org/packages/d1/b5/fe752b2e63f49f727c6c1c224175d21b7d1727ce1d4873ef1c24c9216830/propcache-0.3.1-cp313-cp313-macosx_11_0_arm64.whl
      - pypi: https://files.pythonhosted.org/packages/8a/0b/9fcc47d19c48b59121088dd6da2488a49d5f72dacf8262e2790a1d2c7d15/pygments-2.19.1-py3-none-any.whl
      - pypi: https://files.pythonhosted.org/packages/f9/9b/335f9764261e915ed497fcdeb11df5dfd6f7bf257d4a6a2a686d80da4d54/requests-2.32.3-py3-none-any.whl
      - pypi: https://files.pythonhosted.org/packages/e2/90/19110ce9374c3db619e2df0816f2c58e4ddc5cdad5f7284cd81d8b30b7cb/result-0.17.0-py3-none-any.whl
      - pypi: https://files.pythonhosted.org/packages/69/8a/b9dc7678803429e4a3bc9ba462fa3dd9066824d3c607490235c6a796be5a/setuptools-75.8.0-py3-none-any.whl
      - pypi: https://files.pythonhosted.org/packages/b7/ce/149a00dd41f10bc29e5921b496af8b574d8413afcd5e30dfa0ed46c2cc5e/six-1.17.0-py2.py3-none-any.whl
      - pypi: https://files.pythonhosted.org/packages/b6/cb/b86984bed139586d01532a587464b5805f12e397594f19f931c4c2fbfa61/tenacity-9.0.0-py3-none-any.whl
      - pypi: https://files.pythonhosted.org/packages/8b/54/b1ae86c0973cc6f0210b53d508ca3641fb6d0c56823f288d108bc7ab3cc8/typing_extensions-4.13.2-py3-none-any.whl
      - pypi: https://files.pythonhosted.org/packages/6b/11/cc635220681e93a0183390e26485430ca2c7b5f9d33b15c74c2861cb8091/urllib3-2.4.0-py3-none-any.whl
      - pypi: https://files.pythonhosted.org/packages/f4/24/2a3e3df732393fed8b3ebf2ec078f05546de641fe1b667ee316ec1dcf3b7/webencodings-0.5.1-py2.py3-none-any.whl
      - pypi: https://files.pythonhosted.org/packages/b2/a6/9d4bb339edc83e9b63b37723a0e7482a50911e49f8a0d4a0b3cc68e28f74/widlparser-1.2.0-py3-none-any.whl
      - pypi: https://files.pythonhosted.org/packages/cd/57/92e83538580a6968b2451d6c89c5579938a7309d4785748e8ad42ddafdce/yarl-1.20.0-cp313-cp313-macosx_11_0_arm64.whl
packages:
- pypi: https://files.pythonhosted.org/packages/fb/cd/7ee00d6aa023b1d0551da0da5fee3bc23c3eeea632fbfc5126d1fec52b7e/about_time-4.2.1-py3-none-any.whl
  name: about-time
  version: 4.2.1
  sha256: 8bbf4c75fe13cbd3d72f49a03b02c5c7dca32169b6d49117c257e7eb3eaee341
  requires_python: '>=3.7,<4'
- pypi: https://files.pythonhosted.org/packages/a5/45/30bb92d442636f570cb5651bc661f52b610e2eec3f891a5dc3a4c3667db0/aiofiles-24.1.0-py3-none-any.whl
  name: aiofiles
  version: 24.1.0
  sha256: b4ec55f4195e3eb5d7abd1bf7e061763e864dd4954231fb8539a0ef8bb8260e5
  requires_python: '>=3.8'
- pypi: https://files.pythonhosted.org/packages/0f/15/5bf3b99495fb160b63f95972b81750f18f7f4e02ad051373b669d17d44f2/aiohappyeyeballs-2.6.1-py3-none-any.whl
  name: aiohappyeyeballs
  version: 2.6.1
  sha256: f349ba8f4b75cb25c99c5c2d84e997e485204d2902a9597802b0371f09331fb8
  requires_python: '>=3.9'
- pypi: https://files.pythonhosted.org/packages/db/61/0d71cc66d63909dabc4590f74eba71f91873a77ea52424401c2498d47536/aiohttp-3.11.11-cp313-cp313-macosx_11_0_arm64.whl
  name: aiohttp
  version: 3.11.11
  sha256: 0882c2820fd0132240edbb4a51eb8ceb6eef8181db9ad5291ab3332e0d71df5f
  requires_dist:
  - aiohappyeyeballs>=2.3.0
  - aiosignal>=1.1.2
  - async-timeout>=4.0,<6.0 ; python_full_version < '3.11'
  - attrs>=17.3.0
  - frozenlist>=1.1.1
  - multidict>=4.5,<7.0
  - propcache>=0.2.0
  - yarl>=1.17.0,<2.0
  - aiodns>=3.2.0 ; (sys_platform == 'darwin' and extra == 'speedups') or (sys_platform == 'linux' and extra == 'speedups')
  - brotli ; platform_python_implementation == 'CPython' and extra == 'speedups'
  - brotlicffi ; platform_python_implementation != 'CPython' and extra == 'speedups'
  requires_python: '>=3.9'
- pypi: https://files.pythonhosted.org/packages/ec/6a/bc7e17a3e87a2985d3e8f4da4cd0f481060eb78fb08596c42be62c90a4d9/aiosignal-1.3.2-py2.py3-none-any.whl
  name: aiosignal
  version: 1.3.2
  sha256: 45cde58e409a301715980c2b01d0c28bdde3770d8290b5eb2173759d9acb31a5
  requires_dist:
  - frozenlist>=1.1.0
  requires_python: '>=3.9'
- pypi: https://files.pythonhosted.org/packages/57/39/cade3a5a97fffa3ae84f298208237b3a9f7112d6b0ed57e8ff4b755e44b4/alive_progress-3.2.0-py3-none-any.whl
  name: alive-progress
  version: 3.2.0
  sha256: 0677929f8d3202572e9d142f08170b34dbbe256cc6d2afbf75ef187c7da964a8
  requires_dist:
  - about-time==4.2.1
  - grapheme==0.6.0
  requires_python: '>=3.9,<4'
- pypi: https://files.pythonhosted.org/packages/fe/ba/e2081de779ca30d473f21f5b30e0e737c438205440784c7dfc81efc2b029/async_timeout-5.0.1-py3-none-any.whl
  name: async-timeout
  version: 5.0.1
  sha256: 39e3809566ff85354557ec2398b55e096c8364bacac9405a7a1fa429e77fe76c
  requires_python: '>=3.8'
- pypi: https://files.pythonhosted.org/packages/77/06/bb80f5f86020c4551da315d78b3ab75e8228f89f0162f2c3a819e407941a/attrs-25.3.0-py3-none-any.whl
  name: attrs
  version: 25.3.0
  sha256: 427318ce031701fea540783410126f03899a97ffc6f61596ad581ac2e40e3bc3
  requires_dist:
  - cloudpickle ; platform_python_implementation == 'CPython' and extra == 'benchmark'
  - hypothesis ; extra == 'benchmark'
  - mypy>=1.11.1 ; python_full_version >= '3.10' and platform_python_implementation == 'CPython' and extra == 'benchmark'
  - pympler ; extra == 'benchmark'
  - pytest-codspeed ; extra == 'benchmark'
  - pytest-mypy-plugins ; python_full_version >= '3.10' and platform_python_implementation == 'CPython' and extra == 'benchmark'
  - pytest-xdist[psutil] ; extra == 'benchmark'
  - pytest>=4.3.0 ; extra == 'benchmark'
  - cloudpickle ; platform_python_implementation == 'CPython' and extra == 'cov'
  - coverage[toml]>=5.3 ; extra == 'cov'
  - hypothesis ; extra == 'cov'
  - mypy>=1.11.1 ; python_full_version >= '3.10' and platform_python_implementation == 'CPython' and extra == 'cov'
  - pympler ; extra == 'cov'
  - pytest-mypy-plugins ; python_full_version >= '3.10' and platform_python_implementation == 'CPython' and extra == 'cov'
  - pytest-xdist[psutil] ; extra == 'cov'
  - pytest>=4.3.0 ; extra == 'cov'
  - cloudpickle ; platform_python_implementation == 'CPython' and extra == 'dev'
  - hypothesis ; extra == 'dev'
  - mypy>=1.11.1 ; python_full_version >= '3.10' and platform_python_implementation == 'CPython' and extra == 'dev'
  - pre-commit-uv ; extra == 'dev'
  - pympler ; extra == 'dev'
  - pytest-mypy-plugins ; python_full_version >= '3.10' and platform_python_implementation == 'CPython' and extra == 'dev'
  - pytest-xdist[psutil] ; extra == 'dev'
  - pytest>=4.3.0 ; extra == 'dev'
  - cogapp ; extra == 'docs'
  - furo ; extra == 'docs'
  - myst-parser ; extra == 'docs'
  - sphinx ; extra == 'docs'
  - sphinx-notfound-page ; extra == 'docs'
  - sphinxcontrib-towncrier ; extra == 'docs'
  - towncrier ; extra == 'docs'
  - cloudpickle ; platform_python_implementation == 'CPython' and extra == 'tests'
  - hypothesis ; extra == 'tests'
  - mypy>=1.11.1 ; python_full_version >= '3.10' and platform_python_implementation == 'CPython' and extra == 'tests'
  - pympler ; extra == 'tests'
  - pytest-mypy-plugins ; python_full_version >= '3.10' and platform_python_implementation == 'CPython' and extra == 'tests'
  - pytest-xdist[psutil] ; extra == 'tests'
  - pytest>=4.3.0 ; extra == 'tests'
  - mypy>=1.11.1 ; python_full_version >= '3.10' and platform_python_implementation == 'CPython' and extra == 'tests-mypy'
  - pytest-mypy-plugins ; python_full_version >= '3.10' and platform_python_implementation == 'CPython' and extra == 'tests-mypy'
  requires_python: '>=3.8'
- pypi: https://files.pythonhosted.org/packages/de/0c/91002f0c960f1799d05a3fcbfbacb730d2e948c0f66b83562e39c114710c/bikeshed-5.1.2.tar.gz
  name: bikeshed
  version: 5.1.2
  sha256: 40800355cc6026b787da9bd7455201139a7a9c411866d4e24a8d3446ba454fe1
  requires_dist:
  - about-time==4.2.1
  - aiofiles==24.1.0
  - aiohttp==3.11.11
  - aiosignal==1.3.2
  - alive-progress==3.2.0
  - async-timeout==5.0.1
  - cssselect==1.2.0
  - html5lib==1.1
  - isodate==0.7.2
  - kdl-py==1.2.0
  - lxml==5.3.0
  - pillow==11.1.0
  - pygments==2.19.1
  - requests==2.32.3
  - result==0.17.0
  - setuptools==75.8.0
  - tenacity==9.0.0
  - widlparser==1.2.0
  requires_python: '>=3.9'
- conda: https://conda.anaconda.org/conda-forge/osx-arm64/bzip2-1.0.8-h99b78c6_7.conda
  sha256: adfa71f158cbd872a36394c56c3568e6034aa55c623634b37a4836bd036e6b91
  md5: fc6948412dbbbe9a4c9ddbbcfe0a79ab
  depends:
  - __osx >=11.0
  license: bzip2-1.0.6
  license_family: BSD
  purls: []
  size: 122909
  timestamp: 1720974522888
- conda: https://conda.anaconda.org/conda-forge/noarch/ca-certificates-2025.1.31-hbd8a1cb_1.conda
  sha256: 43878eddf8eb46e3ba7fcbe77a2f8d00aab9a66d9ff63bc4d072b7af17481197
  md5: e74273d9fc5ab633d613cde474b55157
  depends:
  - __unix
  license: ISC
  purls: []
  size: 158834
  timestamp: 1745260472197
- pypi: https://files.pythonhosted.org/packages/38/fc/bce832fd4fd99766c04d1ee0eead6b0ec6486fb100ae5e74c1d91292b982/certifi-2025.1.31-py3-none-any.whl
  name: certifi
  version: 2025.1.31
  sha256: ca78db4565a652026a4db2bcdf68f2fb589ea80d0be70e03929ed730746b84fe
  requires_python: '>=3.6'
- pypi: https://files.pythonhosted.org/packages/38/94/ce8e6f63d18049672c76d07d119304e1e2d7c6098f0841b51c666e9f44a0/charset_normalizer-3.4.1-cp313-cp313-macosx_10_13_universal2.whl
  name: charset-normalizer
  version: 3.4.1
  sha256: aabfa34badd18f1da5ec1bc2715cadc8dca465868a4e73a0173466b688f29dda
  requires_python: '>=3.7'
- pypi: https://files.pythonhosted.org/packages/06/a9/2da08717a6862c48f1d61ef957a7bba171e7eefa6c0aa0ceb96a140c2a6b/cssselect-1.2.0-py2.py3-none-any.whl
  name: cssselect
  version: 1.2.0
  sha256: da1885f0c10b60c03ed5eccbb6b68d6eff248d91976fcde348f395d54c9fd35e
  requires_python: '>=3.7'
- pypi: https://files.pythonhosted.org/packages/5a/a7/d0ec890e3665b4b3b7c05dc80e477ed8dc2e2e77719368e78e2cd9fec9c8/frozenlist-1.6.0-cp313-cp313-macosx_11_0_arm64.whl
  name: frozenlist
  version: 1.6.0
  sha256: 8b314faa3051a6d45da196a2c495e922f987dc848e967d8cfeaee8a0328b1cd4
  requires_python: '>=3.9'
- pypi: https://files.pythonhosted.org/packages/ce/e7/bbaab0d2a33e07c8278910c1d0d8d4f3781293dfbc70b5c38197159046bf/grapheme-0.6.0.tar.gz
  name: grapheme
  version: 0.6.0
  sha256: 44c2b9f21bbe77cfb05835fec230bd435954275267fea1858013b102f8603cca
  requires_dist:
  - pytest ; extra == 'test'
  - sphinx ; extra == 'test'
  - sphinx-autobuild ; extra == 'test'
  - wheel ; extra == 'test'
  - twine ; extra == 'test'
- pypi: https://files.pythonhosted.org/packages/6c/dd/a834df6482147d48e225a49515aabc28974ad5a4ca3215c18a882565b028/html5lib-1.1-py2.py3-none-any.whl
  name: html5lib
  version: '1.1'
  sha256: 0d78f8fde1c230e99fe37986a60526d7049ed4bf8a9fadbad5f00e22e58e041d
  requires_dist:
  - six>=1.9
  - webencodings
  - genshi ; extra == 'all'
  - chardet>=2.2 ; extra == 'all'
  - lxml ; platform_python_implementation == 'CPython' and extra == 'all'
  - chardet>=2.2 ; extra == 'chardet'
  - genshi ; extra == 'genshi'
  - lxml ; platform_python_implementation == 'CPython' and extra == 'lxml'
  requires_python: '>=2.7,!=3.0.*,!=3.1.*,!=3.2.*,!=3.3.*,!=3.4.*'
- pypi: https://files.pythonhosted.org/packages/76/c6/c88e154df9c4e1a2a66ccf0005a88dfb2650c1dffb6f5ce603dfbd452ce3/idna-3.10-py3-none-any.whl
  name: idna
  version: '3.10'
  sha256: 946d195a0d259cbba61165e88e65941f16e9b36ea6ddb97f00452bae8b1287d3
  requires_dist:
  - ruff>=0.6.2 ; extra == 'all'
  - mypy>=1.11.2 ; extra == 'all'
  - pytest>=8.3.2 ; extra == 'all'
  - flake8>=7.1.1 ; extra == 'all'
  requires_python: '>=3.6'
- pypi: https://files.pythonhosted.org/packages/15/aa/0aca39a37d3c7eb941ba736ede56d689e7be91cab5d9ca846bde3999eba6/isodate-0.7.2-py3-none-any.whl
  name: isodate
  version: 0.7.2
  sha256: 28009937d8031054830160fce6d409ed342816b543597cece116d966c6d99e15
  requires_python: '>=3.7'
- pypi: https://files.pythonhosted.org/packages/b7/04/766286ba77621edf37225c66ce0ef2bceead987c69439b572e85ad27980c/kdl_py-1.2.0-py3-none-any.whl
  name: kdl-py
  version: 1.2.0
  sha256: d11e556dbb226cccf666bb4ffe17c73e9d5bb08d29976649fa9292bac973d3e2
  requires_python: '>=3.7'
- conda: https://conda.anaconda.org/conda-forge/osx-arm64/libexpat-2.7.0-h286801f_0.conda
  sha256: ee550e44765a7bbcb2a0216c063dcd53ac914a7be5386dd0554bd06e6be61840
  md5: 6934bbb74380e045741eb8637641a65b
  depends:
  - __osx >=11.0
  constrains:
  - expat 2.7.0.*
  license: MIT
  license_family: MIT
  purls: []
  size: 65714
  timestamp: 1743431789879
- conda: https://conda.anaconda.org/conda-forge/osx-arm64/libffi-3.4.6-h1da3d7d_1.conda
  sha256: c6a530924a9b14e193ea9adfe92843de2a806d1b7dbfd341546ece9653129e60
  md5: c215a60c2935b517dcda8cad4705734d
  depends:
  - __osx >=11.0
  license: MIT
  license_family: MIT
  purls: []
  size: 39839
  timestamp: 1743434670405
- conda: https://conda.anaconda.org/conda-forge/osx-arm64/liblzma-5.8.1-h39f12f2_0.conda
  sha256: 4291dde55ebe9868491dc29716b84ac3de21b8084cbd4d05c9eea79d206b8ab7
  md5: ba24e6f25225fea3d5b6912e2ac562f8
  depends:
  - __osx >=11.0
  license: 0BSD
  purls: []
  size: 92295
  timestamp: 1743771392206
- conda: https://conda.anaconda.org/conda-forge/osx-arm64/libmpdec-4.0.0-h99b78c6_0.conda
  sha256: f7917de9117d3a5fe12a39e185c7ce424f8d5010a6f97b4333e8a1dcb2889d16
  md5: 7476305c35dd9acef48da8f754eedb40
  depends:
  - __osx >=11.0
  license: BSD-2-Clause
  license_family: BSD
  purls: []
  size: 69263
  timestamp: 1723817629767
- conda: https://conda.anaconda.org/conda-forge/osx-arm64/libsqlite-3.49.1-h3f77e49_2.conda
  sha256: 907a95f73623c343fc14785cbfefcb7a6b4f2bcf9294fcb295c121611c3a590d
  md5: 3b1e330d775170ac46dff9a94c253bd0
  depends:
  - __osx >=11.0
  - libzlib >=1.3.1,<2.0a0
  license: Unlicense
  purls: []
  size: 900188
  timestamp: 1742083865246
- conda: https://conda.anaconda.org/conda-forge/osx-arm64/libzlib-1.3.1-h8359307_2.conda
  sha256: ce34669eadaba351cd54910743e6a2261b67009624dbc7daeeafdef93616711b
  md5: 369964e85dc26bfe78f41399b366c435
  depends:
  - __osx >=11.0
  constrains:
  - zlib 1.3.1 *_2
  license: Zlib
  license_family: Other
  purls: []
  size: 46438
  timestamp: 1727963202283
- pypi: https://files.pythonhosted.org/packages/94/6a/42141e4d373903bfea6f8e94b2f554d05506dfda522ada5343c651410dc8/lxml-5.3.0-cp313-cp313-macosx_10_13_universal2.whl
  name: lxml
  version: 5.3.0
  sha256: 8c72e9563347c7395910de6a3100a4840a75a6f60e05af5e58566868d5eb2d6a
  requires_dist:
  - cssselect>=0.7 ; extra == 'cssselect'
  - html5lib ; extra == 'html5'
  - lxml-html-clean ; extra == 'html-clean'
  - beautifulsoup4 ; extra == 'htmlsoup'
  - cython>=3.0.11 ; extra == 'source'
  requires_python: '>=3.6'
- pypi: https://files.pythonhosted.org/packages/0b/43/53fc25394386c911822419b522181227ca450cf57fea76e6188772a1bd91/multidict-6.4.3-cp313-cp313-macosx_11_0_arm64.whl
  name: multidict
  version: 6.4.3
  sha256: c56c179839d5dcf51d565132185409d1d5dd8e614ba501eb79023a6cab25576b
  requires_dist:
  - typing-extensions>=4.1.0 ; python_full_version < '3.11'
  requires_python: '>=3.9'
- conda: https://conda.anaconda.org/conda-forge/osx-arm64/ncurses-6.5-h5e97a16_3.conda
  sha256: 2827ada40e8d9ca69a153a45f7fd14f32b2ead7045d3bbb5d10964898fe65733
  md5: 068d497125e4bf8a66bf707254fff5ae
  depends:
  - __osx >=11.0
  license: X11 AND BSD-3-Clause
  purls: []
  size: 797030
  timestamp: 1738196177597
- conda: https://conda.anaconda.org/conda-forge/osx-arm64/openssl-3.5.0-h81ee809_0.conda
  sha256: 53f825acb8d3e13bdad5c869f6dc7df931941450eea7f6473b955b0aaea1a399
  md5: 3d2936da7e240d24c656138e07fa2502
  depends:
  - __osx >=11.0
  - ca-certificates
  license: Apache-2.0
  license_family: Apache
  purls: []
  size: 3067649
  timestamp: 1744132084304
- pypi: https://files.pythonhosted.org/packages/ac/0f/ff07ad45a1f172a497aa393b13a9d81a32e1477ef0e869d030e3c1532521/pillow-11.1.0-cp313-cp313-macosx_11_0_arm64.whl
  name: pillow
  version: 11.1.0
  sha256: cc1331b6d5a6e144aeb5e626f4375f5b7ae9934ba620c0ac6b3e43d5e683a0f0
  requires_dist:
  - furo ; extra == 'docs'
  - olefile ; extra == 'docs'
  - sphinx>=8.1 ; extra == 'docs'
  - sphinx-copybutton ; extra == 'docs'
  - sphinx-inline-tabs ; extra == 'docs'
  - sphinxext-opengraph ; extra == 'docs'
  - olefile ; extra == 'fpx'
  - olefile ; extra == 'mic'
  - check-manifest ; extra == 'tests'
  - coverage>=7.4.2 ; extra == 'tests'
  - defusedxml ; extra == 'tests'
  - markdown2 ; extra == 'tests'
  - olefile ; extra == 'tests'
  - packaging ; extra == 'tests'
  - pyroma ; extra == 'tests'
  - pytest ; extra == 'tests'
  - pytest-cov ; extra == 'tests'
  - pytest-timeout ; extra == 'tests'
  - trove-classifiers>=2024.10.12 ; extra == 'tests'
  - typing-extensions ; python_full_version < '3.10' and extra == 'typing'
  - defusedxml ; extra == 'xmp'
  requires_python: '>=3.9'
- pypi: https://files.pythonhosted.org/packages/d1/b5/fe752b2e63f49f727c6c1c224175d21b7d1727ce1d4873ef1c24c9216830/propcache-0.3.1-cp313-cp313-macosx_11_0_arm64.whl
  name: propcache
  version: 0.3.1
  sha256: a110205022d077da24e60b3df8bcee73971be9575dec5573dd17ae5d81751111
  requires_python: '>=3.9'
- pypi: https://files.pythonhosted.org/packages/8a/0b/9fcc47d19c48b59121088dd6da2488a49d5f72dacf8262e2790a1d2c7d15/pygments-2.19.1-py3-none-any.whl
  name: pygments
  version: 2.19.1
  sha256: 9ea1544ad55cecf4b8242fab6dd35a93bbce657034b0611ee383099054ab6d8c
  requires_dist:
  - colorama>=0.4.6 ; extra == 'windows-terminal'
  requires_python: '>=3.8'
- conda: https://conda.anaconda.org/conda-forge/osx-arm64/python-3.13.3-h81fe080_101_cp313.conda
  build_number: 101
  sha256: f96468ab1e6f27bda92157bfc7f272d1fbf2ba2f85697bdc5bb106bccba1befb
  md5: b3240ae8c42a3230e0b7f831e1c72e9f
  depends:
  - __osx >=11.0
  - bzip2 >=1.0.8,<2.0a0
  - libexpat >=2.7.0,<3.0a0
  - libffi >=3.4.6,<3.5.0a0
  - liblzma >=5.8.1,<6.0a0
  - libmpdec >=4.0.0,<5.0a0
  - libsqlite >=3.49.1,<4.0a0
  - libzlib >=1.3.1,<2.0a0
  - ncurses >=6.5,<7.0a0
  - openssl >=3.5.0,<4.0a0
  - python_abi 3.13.* *_cp313
  - readline >=8.2,<9.0a0
  - tk >=8.6.13,<8.7.0a0
  - tzdata
  license: Python-2.0
  purls: []
  size: 12136505
  timestamp: 1744663807953
  python_site_packages_path: lib/python3.13/site-packages
- conda: https://conda.anaconda.org/conda-forge/noarch/python_abi-3.13-7_cp313.conda
  build_number: 7
  sha256: 0595134584589064f56e67d3de1d8fcbb673a972946bce25fb593fb092fdcd97
  md5: e84b44e6300f1703cb25d29120c5b1d8
  constrains:
  - python 3.13.* *_cp313
  license: BSD-3-Clause
  license_family: BSD
  purls: []
  size: 6988
  timestamp: 1745258852285
- conda: https://conda.anaconda.org/conda-forge/osx-arm64/readline-8.2-h1d1bf99_2.conda
  sha256: 7db04684d3904f6151eff8673270922d31da1eea7fa73254d01c437f49702e34
  md5: 63ef3f6e6d6d5c589e64f11263dc5676
  depends:
  - ncurses >=6.5,<7.0a0
  license: GPL-3.0-only
  license_family: GPL
  purls: []
  size: 252359
  timestamp: 1740379663071
- pypi: https://files.pythonhosted.org/packages/f9/9b/335f9764261e915ed497fcdeb11df5dfd6f7bf257d4a6a2a686d80da4d54/requests-2.32.3-py3-none-any.whl
  name: requests
  version: 2.32.3
  sha256: 70761cfe03c773ceb22aa2f671b4757976145175cdfca038c02654d061d6dcc6
  requires_dist:
  - charset-normalizer>=2,<4
  - idna>=2.5,<4
  - urllib3>=1.21.1,<3
  - certifi>=2017.4.17
  - pysocks>=1.5.6,!=1.5.7 ; extra == 'socks'
  - chardet>=3.0.2,<6 ; extra == 'use-chardet-on-py3'
  requires_python: '>=3.8'
- pypi: https://files.pythonhosted.org/packages/e2/90/19110ce9374c3db619e2df0816f2c58e4ddc5cdad5f7284cd81d8b30b7cb/result-0.17.0-py3-none-any.whl
  name: result
  version: 0.17.0
  sha256: 49fd668b4951ad15800b8ccefd98b6b94effc789607e19c65064b775570933e8
  requires_dist:
  - typing-extensions ; python_full_version < '3.10'
  requires_python: '>=3.8'
- pypi: https://files.pythonhosted.org/packages/69/8a/b9dc7678803429e4a3bc9ba462fa3dd9066824d3c607490235c6a796be5a/setuptools-75.8.0-py3-none-any.whl
  name: setuptools
  version: 75.8.0
  sha256: e3982f444617239225d675215d51f6ba05f845d4eec313da4418fdbb56fb27e3
  requires_dist:
  - pytest>=6,!=8.1.* ; extra == 'test'
  - virtualenv>=13.0.0 ; extra == 'test'
  - wheel>=0.44.0 ; extra == 'test'
  - pip>=19.1 ; extra == 'test'
  - packaging>=24.2 ; extra == 'test'
  - jaraco-envs>=2.2 ; extra == 'test'
  - pytest-xdist>=3 ; extra == 'test'
  - jaraco-path>=3.7.2 ; extra == 'test'
  - build[virtualenv]>=1.0.3 ; extra == 'test'
  - filelock>=3.4.0 ; extra == 'test'
  - ini2toml[lite]>=0.14 ; extra == 'test'
  - tomli-w>=1.0.0 ; extra == 'test'
  - pytest-timeout ; extra == 'test'
  - pytest-perf ; sys_platform != 'cygwin' and extra == 'test'
  - jaraco-develop>=7.21 ; python_full_version >= '3.9' and sys_platform != 'cygwin' and extra == 'test'
  - pytest-home>=0.5 ; extra == 'test'
  - pytest-subprocess ; extra == 'test'
  - pyproject-hooks!=1.1 ; extra == 'test'
  - jaraco-test>=5.5 ; extra == 'test'
  - sphinx>=3.5 ; extra == 'doc'
  - jaraco-packaging>=9.3 ; extra == 'doc'
  - rst-linker>=1.9 ; extra == 'doc'
  - furo ; extra == 'doc'
  - sphinx-lint ; extra == 'doc'
  - jaraco-tidelift>=1.4 ; extra == 'doc'
  - pygments-github-lexers==0.0.5 ; extra == 'doc'
  - sphinx-favicon ; extra == 'doc'
  - sphinx-inline-tabs ; extra == 'doc'
  - sphinx-reredirects ; extra == 'doc'
  - sphinxcontrib-towncrier ; extra == 'doc'
  - sphinx-notfound-page>=1,<2 ; extra == 'doc'
  - pyproject-hooks!=1.1 ; extra == 'doc'
  - towncrier<24.7 ; extra == 'doc'
  - packaging>=24.2 ; extra == 'core'
  - more-itertools>=8.8 ; extra == 'core'
  - jaraco-text>=3.7 ; extra == 'core'
  - importlib-metadata>=6 ; python_full_version < '3.10' and extra == 'core'
  - tomli>=2.0.1 ; python_full_version < '3.11' and extra == 'core'
  - wheel>=0.43.0 ; extra == 'core'
  - platformdirs>=4.2.2 ; extra == 'core'
  - jaraco-collections ; extra == 'core'
  - jaraco-functools>=4 ; extra == 'core'
  - packaging ; extra == 'core'
  - more-itertools ; extra == 'core'
  - pytest-checkdocs>=2.4 ; extra == 'check'
  - pytest-ruff>=0.2.1 ; sys_platform != 'cygwin' and extra == 'check'
  - ruff>=0.8.0 ; sys_platform != 'cygwin' and extra == 'check'
  - pytest-cov ; extra == 'cover'
  - pytest-enabler>=2.2 ; extra == 'enabler'
  - pytest-mypy ; extra == 'type'
  - mypy==1.14.* ; extra == 'type'
  - importlib-metadata>=7.0.2 ; python_full_version < '3.10' and extra == 'type'
  - jaraco-develop>=7.21 ; sys_platform != 'cygwin' and extra == 'type'
  requires_python: '>=3.9'
- pypi: https://files.pythonhosted.org/packages/b7/ce/149a00dd41f10bc29e5921b496af8b574d8413afcd5e30dfa0ed46c2cc5e/six-1.17.0-py2.py3-none-any.whl
  name: six
  version: 1.17.0
  sha256: 4721f391ed90541fddacab5acf947aa0d3dc7d27b2e1e8eda2be8970586c3274
  requires_python: '>=2.7,!=3.0.*,!=3.1.*,!=3.2.*'
- pypi: https://files.pythonhosted.org/packages/b6/cb/b86984bed139586d01532a587464b5805f12e397594f19f931c4c2fbfa61/tenacity-9.0.0-py3-none-any.whl
  name: tenacity
  version: 9.0.0
  sha256: 93de0c98785b27fcf659856aa9f54bfbd399e29969b0621bc7f762bd441b4539
  requires_dist:
  - reno ; extra == 'doc'
  - sphinx ; extra == 'doc'
  - pytest ; extra == 'test'
  - tornado>=4.5 ; extra == 'test'
  - typeguard ; extra == 'test'
  requires_python: '>=3.8'
- conda: https://conda.anaconda.org/conda-forge/osx-arm64/tk-8.6.13-h5083fa2_1.conda
  sha256: 72457ad031b4c048e5891f3f6cb27a53cb479db68a52d965f796910e71a403a8
  md5: b50a57ba89c32b62428b71a875291c9b
  depends:
  - libzlib >=1.2.13,<2.0.0a0
  license: TCL
  license_family: BSD
  purls: []
  size: 3145523
  timestamp: 1699202432999
- pypi: https://files.pythonhosted.org/packages/8b/54/b1ae86c0973cc6f0210b53d508ca3641fb6d0c56823f288d108bc7ab3cc8/typing_extensions-4.13.2-py3-none-any.whl
  name: typing-extensions
  version: 4.13.2
  sha256: a439e7c04b49fec3e5d3e2beaa21755cadbbdc391694e28ccdd36ca4a1408f8c
  requires_python: '>=3.8'
- conda: https://conda.anaconda.org/conda-forge/noarch/tzdata-2025b-h78e105d_0.conda
  sha256: 5aaa366385d716557e365f0a4e9c3fca43ba196872abbbe3d56bb610d131e192
  md5: 4222072737ccff51314b5ece9c7d6f5a
  license: LicenseRef-Public-Domain
  purls: []
  size: 122968
  timestamp: 1742727099393
- pypi: https://files.pythonhosted.org/packages/6b/11/cc635220681e93a0183390e26485430ca2c7b5f9d33b15c74c2861cb8091/urllib3-2.4.0-py3-none-any.whl
  name: urllib3
  version: 2.4.0
  sha256: 4e16665048960a0900c702d4a66415956a584919c03361cac9f1df5c5dd7e813
  requires_dist:
  - brotli>=1.0.9 ; platform_python_implementation == 'CPython' and extra == 'brotli'
  - brotlicffi>=0.8.0 ; platform_python_implementation != 'CPython' and extra == 'brotli'
  - h2>=4,<5 ; extra == 'h2'
  - pysocks>=1.5.6,!=1.5.7,<2.0 ; extra == 'socks'
  - zstandard>=0.18.0 ; extra == 'zstd'
  requires_python: '>=3.9'
- pypi: https://files.pythonhosted.org/packages/f4/24/2a3e3df732393fed8b3ebf2ec078f05546de641fe1b667ee316ec1dcf3b7/webencodings-0.5.1-py2.py3-none-any.whl
  name: webencodings
  version: 0.5.1
  sha256: a0af1213f3c2226497a97e2b3aa01a7e4bee4f403f95be16fc9acd2947514a78
- pypi: https://files.pythonhosted.org/packages/b2/a6/9d4bb339edc83e9b63b37723a0e7482a50911e49f8a0d4a0b3cc68e28f74/widlparser-1.2.0-py3-none-any.whl
  name: widlparser
  version: 1.2.0
  sha256: e6116c5677353ee29fccfd648e2b9c05e545861ffe5559f6eb7cee050425b9f2
  requires_dist:
  - typing-extensions>=3.7.4.1
  - types-pyyaml ; extra == 'dev'
  - mypy ; extra == 'dev'
  - flake8 ; extra == 'dev'
  - flake8-annotations ; extra == 'dev'
  - flake8-bandit ; extra == 'dev'
  - flake8-bugbear ; extra == 'dev'
  - flake8-commas ; extra == 'dev'
  - flake8-comprehensions ; extra == 'dev'
  - flake8-continuation ; extra == 'dev'
  - flake8-datetimez ; extra == 'dev'
  - flake8-docstrings ; extra == 'dev'
  - flake8-import-order ; extra == 'dev'
  - flake8-literal ; extra == 'dev'
  - flake8-modern-annotations ; extra == 'dev'
  - flake8-noqa ; extra == 'dev'
  - flake8-pyproject ; extra == 'dev'
  - flake8-requirements ; extra == 'dev'
  - flake8-typechecking-import ; extra == 'dev'
  - flake8-use-fstring ; extra == 'dev'
  - pep8-naming ; extra == 'dev'
  requires_python: '>=3.7'
- pypi: https://files.pythonhosted.org/packages/cd/57/92e83538580a6968b2451d6c89c5579938a7309d4785748e8ad42ddafdce/yarl-1.20.0-cp313-cp313-macosx_11_0_arm64.whl
  name: yarl
  version: 1.20.0
  sha256: 42fbe577272c203528d402eec8bf4b2d14fd49ecfec92272334270b850e9cd7d
  requires_dist:
  - idna>=2.0
  - multidict>=4.0
  - propcache>=0.2.1
  requires_python: '>=3.9'
